
Microsoft Visual Studio Solution File, Format Version 12.00
# Visual Studio 15
Project("{FAE04EC0-301F-11D3-BF4B-00C04F79EFBC}") = "Trampoline", "Assembly-CSharp.csproj", "{2B80B5C0-FE11-A47C-A2D7-855EE0DE4EE9}"
EndProject
Global
	GlobalSection(SolutionConfigurationPlatforms) = preSolution
		Debug|Any CPU = Debug|Any CPU
		Release|Any CPU = Release|Any CPU
	EndGlobalSection
	GlobalSection(ProjectConfigurationPlatforms) = postSolution
		{2B80B5C0-FE11-A47C-A2D7-855EE0DE4EE9}.Debug|Any CPU.ActiveCfg = Debug|Any CPU
		{2B80B5C0-FE11-A47C-A2D7-855EE0DE4EE9}.Debug|Any CPU.Build.0 = Debug|Any CPU
		{2B80B5C0-FE11-A47C-A2D7-855EE0DE4EE9}.Release|Any CPU.ActiveCfg = Release|Any CPU
		{2B80B5C0-FE11-A47C-A2D7-855EE0DE4EE9}.Release|Any CPU.Build.0 = Release|Any CPU
	EndGlobalSection
	GlobalSection(SolutionProperties) = preSolution
		HideSolutionNode = FALSE
	EndGlobalSection
EndGlobal
